
Microsoft Visual Studio Solution File, Format Version 12.00
# Visual Studio Version 16
VisualStudioVersion = 16.0.28803.352
MinimumVisualStudioVersion = 10.0.40219.1
Project("{FAE04EC0-301F-11D3-BF4B-00C04F79EFBC}") = "SubCalcUdregning", "SubCalcUdregning\SubCalcUdregning.csproj", "{58826E11-1553-4FD4-9484-E56A13AAC7E7}"
EndProject
Global
	GlobalSection(SolutionConfigurationPlatforms) = preSolution
		Debug|Any CPU = Debug|Any CPU
		Release|Any CPU = Release|Any CPU
	EndGlobalSection
	GlobalSection(ProjectConfigurationPlatforms) = postSolution
		{58826E11-1553-4FD4-9484-E56A13AAC7E7}.Debug|Any CPU.ActiveCfg = Debug|Any CPU
		{58826E11-1553-4FD4-9484-E56A13AAC7E7}.Debug|Any CPU.Build.0 = Debug|Any CPU
		{58826E11-1553-4FD4-9484-E56A13AAC7E7}.Release|Any CPU.ActiveCfg = Release|Any CPU
		{58826E11-1553-4FD4-9484-E56A13AAC7E7}.Release|Any CPU.Build.0 = Release|Any CPU
	EndGlobalSection
	GlobalSection(SolutionProperties) = preSolution
		HideSolutionNode = FALSE
	EndGlobalSection
	GlobalSection(ExtensibilityGlobals) = postSolution
		SolutionGuid = {A92EFB41-7CB0-4C5A-B396-31B4B99AB7B3}
	EndGlobalSection
EndGlobal
